// !$*UTF8*$!
{
	archiveVersion = 1;
	classes = {
	};
	objectVersion = 56;
	objects = {

/* Begin PBXBuildFile section */
		45FED9C6730AA1AEFE92AC6E /* Pods_Instagram.framework in Frameworks */ = {isa = PBXBuildFile; fileRef = 6EF69A9E27F0AE31647C9ACB /* Pods_Instagram.framework */; };
		7E0D729928F5205A00F9FDDA /* AppDelegate.swift in Sources */ = {isa = PBXBuildFile; fileRef = 7E0D729828F5205A00F9FDDA /* AppDelegate.swift */; };
		7E0D729B28F5205A00F9FDDA /* SceneDelegate.swift in Sources */ = {isa = PBXBuildFile; fileRef = 7E0D729A28F5205A00F9FDDA /* SceneDelegate.swift */; };
		7E0D72A028F5205A00F9FDDA /* Main.storyboard in Resources */ = {isa = PBXBuildFile; fileRef = 7E0D729E28F5205A00F9FDDA /* Main.storyboard */; };
		7E0D72A228F5205B00F9FDDA /* Assets.xcassets in Resources */ = {isa = PBXBuildFile; fileRef = 7E0D72A128F5205B00F9FDDA /* Assets.xcassets */; };
		7E0D72A528F5205B00F9FDDA /* LaunchScreen.storyboard in Resources */ = {isa = PBXBuildFile; fileRef = 7E0D72A328F5205B00F9FDDA /* LaunchScreen.storyboard */; };
		7E0D72B028F5205B00F9FDDA /* InstagramTests.swift in Sources */ = {isa = PBXBuildFile; fileRef = 7E0D72AF28F5205B00F9FDDA /* InstagramTests.swift */; };
		7E0D72BA28F5205B00F9FDDA /* InstagramUITests.swift in Sources */ = {isa = PBXBuildFile; fileRef = 7E0D72B928F5205B00F9FDDA /* InstagramUITests.swift */; };
		7E0D72BC28F5205B00F9FDDA /* InstagramUITestsLaunchTests.swift in Sources */ = {isa = PBXBuildFile; fileRef = 7E0D72BB28F5205B00F9FDDA /* InstagramUITestsLaunchTests.swift */; };
		7E0D72C928F5254500F9FDDA /* LoginViewController.swift in Sources */ = {isa = PBXBuildFile; fileRef = 7E0D72C828F5254500F9FDDA /* LoginViewController.swift */; };
		7E0D72CB28F5255300F9FDDA /* FeedViewController.swift in Sources */ = {isa = PBXBuildFile; fileRef = 7E0D72CA28F5255300F9FDDA /* FeedViewController.swift */; };
		7E0D72CD28F5340100F9FDDA /* CameraViewController.swift in Sources */ = {isa = PBXBuildFile; fileRef = 7E0D72CC28F5340100F9FDDA /* CameraViewController.swift */; };
		7E0D72CF28F5462C00F9FDDA /* PostCell.swift in Sources */ = {isa = PBXBuildFile; fileRef = 7E0D72CE28F5462C00F9FDDA /* PostCell.swift */; };
		BCF83659FB3A21EF8240A3D4 /* Pods_Instagram_InstagramUITests.framework in Frameworks */ = {isa = PBXBuildFile; fileRef = 41481F09EDC0097CB158C60F /* Pods_Instagram_InstagramUITests.framework */; };
		DA5B53A22F43EDB21D9B6CED /* Pods_InstagramTests.framework in Frameworks */ = {isa = PBXBuildFile; fileRef = E89D09D24248108BA0350F3F /* Pods_InstagramTests.framework */; };
/* End PBXBuildFile section */

/* Begin PBXContainerItemProxy section */
		7E0D72AC28F5205B00F9FDDA /* PBXContainerItemProxy */ = {
			isa = PBXContainerItemProxy;
			containerPortal = 7E0D728D28F5205A00F9FDDA /* Project object */;
			proxyType = 1;
			remoteGlobalIDString = 7E0D729428F5205A00F9FDDA;
			remoteInfo = Instagram;
		};
		7E0D72B628F5205B00F9FDDA /* PBXContainerItemProxy */ = {
			isa = PBXContainerItemProxy;
			containerPortal = 7E0D728D28F5205A00F9FDDA /* Project object */;
			proxyType = 1;
			remoteGlobalIDString = 7E0D729428F5205A00F9FDDA;
			remoteInfo = Instagram;
		};
/* End PBXContainerItemProxy section */

/* Begin PBXFileReference section */
		2B09C75450EE4BB222D8EC29 /* Pods-Instagram.debug.xcconfig */ = {isa = PBXFileReference; includeInIndex = 1; lastKnownFileType = text.xcconfig; name = "Pods-Instagram.debug.xcconfig"; path = "Target Support Files/Pods-Instagram/Pods-Instagram.debug.xcconfig"; sourceTree = "<group>"; };
		322C6889C2B7448ECACBBFB4 /* Pods-Instagram-InstagramUITests.debug.xcconfig */ = {isa = PBXFileReference; includeInIndex = 1; lastKnownFileType = text.xcconfig; name = "Pods-Instagram-InstagramUITests.debug.xcconfig"; path = "Target Support Files/Pods-Instagram-InstagramUITests/Pods-Instagram-InstagramUITests.debug.xcconfig"; sourceTree = "<group>"; };
		3938B749CB7174A1CA3B9900 /* Pods-InstagramTests.release.xcconfig */ = {isa = PBXFileReference; includeInIndex = 1; lastKnownFileType = text.xcconfig; name = "Pods-InstagramTests.release.xcconfig"; path = "Target Support Files/Pods-InstagramTests/Pods-InstagramTests.release.xcconfig"; sourceTree = "<group>"; };
		41481F09EDC0097CB158C60F /* Pods_Instagram_InstagramUITests.framework */ = {isa = PBXFileReference; explicitFileType = wrapper.framework; includeInIndex = 0; path = Pods_Instagram_InstagramUITests.framework; sourceTree = BUILT_PRODUCTS_DIR; };
		51DD099EFD50F53407863966 /* Pods-Instagram-InstagramUITests.release.xcconfig */ = {isa = PBXFileReference; includeInIndex = 1; lastKnownFileType = text.xcconfig; name = "Pods-Instagram-InstagramUITests.release.xcconfig"; path = "Target Support Files/Pods-Instagram-InstagramUITests/Pods-Instagram-InstagramUITests.release.xcconfig"; sourceTree = "<group>"; };
		6B7E05A535B9AC040734F890 /* Pods-Instagram.release.xcconfig */ = {isa = PBXFileReference; includeInIndex = 1; lastKnownFileType = text.xcconfig; name = "Pods-Instagram.release.xcconfig"; path = "Target Support Files/Pods-Instagram/Pods-Instagram.release.xcconfig"; sourceTree = "<group>"; };
		6EF69A9E27F0AE31647C9ACB /* Pods_Instagram.framework */ = {isa = PBXFileReference; explicitFileType = wrapper.framework; includeInIndex = 0; path = Pods_Instagram.framework; sourceTree = BUILT_PRODUCTS_DIR; };
		7E0D729528F5205A00F9FDDA /* Instagram.app */ = {isa = PBXFileReference; explicitFileType = wrapper.application; includeInIndex = 0; path = Instagram.app; sourceTree = BUILT_PRODUCTS_DIR; };
		7E0D729828F5205A00F9FDDA /* AppDelegate.swift */ = {isa = PBXFileReference; lastKnownFileType = sourcecode.swift; path = AppDelegate.swift; sourceTree = "<group>"; };
		7E0D729A28F5205A00F9FDDA /* SceneDelegate.swift */ = {isa = PBXFileReference; lastKnownFileType = sourcecode.swift; path = SceneDelegate.swift; sourceTree = "<group>"; };
		7E0D729F28F5205A00F9FDDA /* Base */ = {isa = PBXFileReference; lastKnownFileType = file.storyboard; name = Base; path = Base.lproj/Main.storyboard; sourceTree = "<group>"; };
		7E0D72A128F5205B00F9FDDA /* Assets.xcassets */ = {isa = PBXFileReference; lastKnownFileType = folder.assetcatalog; path = Assets.xcassets; sourceTree = "<group>"; };
		7E0D72A428F5205B00F9FDDA /* Base */ = {isa = PBXFileReference; lastKnownFileType = file.storyboard; name = Base; path = Base.lproj/LaunchScreen.storyboard; sourceTree = "<group>"; };
		7E0D72A628F5205B00F9FDDA /* Info.plist */ = {isa = PBXFileReference; lastKnownFileType = text.plist.xml; path = Info.plist; sourceTree = "<group>"; };
		7E0D72AB28F5205B00F9FDDA /* InstagramTests.xctest */ = {isa = PBXFileReference; explicitFileType = wrapper.cfbundle; includeInIndex = 0; path = InstagramTests.xctest; sourceTree = BUILT_PRODUCTS_DIR; };
		7E0D72AF28F5205B00F9FDDA /* InstagramTests.swift */ = {isa = PBXFileReference; lastKnownFileType = sourcecode.swift; path = InstagramTests.swift; sourceTree = "<group>"; };
		7E0D72B528F5205B00F9FDDA /* InstagramUITests.xctest */ = {isa = PBXFileReference; explicitFileType = wrapper.cfbundle; includeInIndex = 0; path = InstagramUITests.xctest; sourceTree = BUILT_PRODUCTS_DIR; };
		7E0D72B928F5205B00F9FDDA /* InstagramUITests.swift */ = {isa = PBXFileReference; lastKnownFileType = sourcecode.swift; path = InstagramUITests.swift; sourceTree = "<group>"; };
		7E0D72BB28F5205B00F9FDDA /* InstagramUITestsLaunchTests.swift */ = {isa = PBXFileReference; lastKnownFileType = sourcecode.swift; path = InstagramUITestsLaunchTests.swift; sourceTree = "<group>"; };
		7E0D72C828F5254500F9FDDA /* LoginViewController.swift */ = {isa = PBXFileReference; lastKnownFileType = sourcecode.swift; path = LoginViewController.swift; sourceTree = "<group>"; };
		7E0D72CA28F5255300F9FDDA /* FeedViewController.swift */ = {isa = PBXFileReference; lastKnownFileType = sourcecode.swift; path = FeedViewController.swift; sourceTree = "<group>"; };
		7E0D72CC28F5340100F9FDDA /* CameraViewController.swift */ = {isa = PBXFileReference; lastKnownFileType = sourcecode.swift; path = CameraViewController.swift; sourceTree = "<group>"; };
		7E0D72CE28F5462C00F9FDDA /* PostCell.swift */ = {isa = PBXFileReference; lastKnownFileType = sourcecode.swift; path = PostCell.swift; sourceTree = "<group>"; };
		B669B10B6417154113795414 /* Pods-InstagramTests.debug.xcconfig */ = {isa = PBXFileReference; includeInIndex = 1; lastKnownFileType = text.xcconfig; name = "Pods-InstagramTests.debug.xcconfig"; path = "Target Support Files/Pods-InstagramTests/Pods-InstagramTests.debug.xcconfig"; sourceTree = "<group>"; };
		E89D09D24248108BA0350F3F /* Pods_InstagramTests.framework */ = {isa = PBXFileReference; explicitFileType = wrapper.framework; includeInIndex = 0; path = Pods_InstagramTests.framework; sourceTree = BUILT_PRODUCTS_DIR; };
/* End PBXFileReference section */

/* Begin PBXFrameworksBuildPhase section */
		7E0D729228F5205A00F9FDDA /* Frameworks */ = {
			isa = PBXFrameworksBuildPhase;
			buildActionMask = 2147483647;
			files = (
				45FED9C6730AA1AEFE92AC6E /* Pods_Instagram.framework in Frameworks */,
			);
			runOnlyForDeploymentPostprocessing = 0;
		};
		7E0D72A828F5205B00F9FDDA /* Frameworks */ = {
			isa = PBXFrameworksBuildPhase;
			buildActionMask = 2147483647;
			files = (
				DA5B53A22F43EDB21D9B6CED /* Pods_InstagramTests.framework in Frameworks */,
			);
			runOnlyForDeploymentPostprocessing = 0;
		};
		7E0D72B228F5205B00F9FDDA /* Frameworks */ = {
			isa = PBXFrameworksBuildPhase;
			buildActionMask = 2147483647;
			files = (
				BCF83659FB3A21EF8240A3D4 /* Pods_Instagram_InstagramUITests.framework in Frameworks */,
			);
			runOnlyForDeploymentPostprocessing = 0;
		};
/* End PBXFrameworksBuildPhase section */

/* Begin PBXGroup section */
		72908ADEA764B14F7092ACFF /* Pods */ = {
			isa = PBXGroup;
			children = (
				2B09C75450EE4BB222D8EC29 /* Pods-Instagram.debug.xcconfig */,
				6B7E05A535B9AC040734F890 /* Pods-Instagram.release.xcconfig */,
				322C6889C2B7448ECACBBFB4 /* Pods-Instagram-InstagramUITests.debug.xcconfig */,
				51DD099EFD50F53407863966 /* Pods-Instagram-InstagramUITests.release.xcconfig */,
				B669B10B6417154113795414 /* Pods-InstagramTests.debug.xcconfig */,
				3938B749CB7174A1CA3B9900 /* Pods-InstagramTests.release.xcconfig */,
			);
			path = Pods;
			sourceTree = "<group>";
		};
		7E0D728C28F5205A00F9FDDA = {
			isa = PBXGroup;
			children = (
				7E0D729728F5205A00F9FDDA /* Instagram */,
				7E0D72AE28F5205B00F9FDDA /* InstagramTests */,
				7E0D72B828F5205B00F9FDDA /* InstagramUITests */,
				7E0D729628F5205A00F9FDDA /* Products */,
				72908ADEA764B14F7092ACFF /* Pods */,
				E2B9A1FFE8E130098B647C06 /* Frameworks */,
			);
			sourceTree = "<group>";
		};
		7E0D729628F5205A00F9FDDA /* Products */ = {
			isa = PBXGroup;
			children = (
				7E0D729528F5205A00F9FDDA /* Instagram.app */,
				7E0D72AB28F5205B00F9FDDA /* InstagramTests.xctest */,
				7E0D72B528F5205B00F9FDDA /* InstagramUITests.xctest */,
			);
			name = Products;
			sourceTree = "<group>";
		};
		7E0D729728F5205A00F9FDDA /* Instagram */ = {
			isa = PBXGroup;
			children = (
				7E0D729828F5205A00F9FDDA /* AppDelegate.swift */,
				7E0D729A28F5205A00F9FDDA /* SceneDelegate.swift */,
				7E0D729E28F5205A00F9FDDA /* Main.storyboard */,
				7E0D72A128F5205B00F9FDDA /* Assets.xcassets */,
				7E0D72A328F5205B00F9FDDA /* LaunchScreen.storyboard */,
				7E0D72A628F5205B00F9FDDA /* Info.plist */,
				7E0D72C828F5254500F9FDDA /* LoginViewController.swift */,
				7E0D72CA28F5255300F9FDDA /* FeedViewController.swift */,
				7E0D72CC28F5340100F9FDDA /* CameraViewController.swift */,
				7E0D72CE28F5462C00F9FDDA /* PostCell.swift */,
			);
			path = Instagram;
			sourceTree = "<group>";
		};
		7E0D72AE28F5205B00F9FDDA /* InstagramTests */ = {
			isa = PBXGroup;
			children = (
				7E0D72AF28F5205B00F9FDDA /* InstagramTests.swift */,
			);
			path = InstagramTests;
			sourceTree = "<group>";
		};
		7E0D72B828F5205B00F9FDDA /* InstagramUITests */ = {
			isa = PBXGroup;
			children = (
				7E0D72B928F5205B00F9FDDA /* InstagramUITests.swift */,
				7E0D72BB28F5205B00F9FDDA /* InstagramUITestsLaunchTests.swift */,
			);
			path = InstagramUITests;
			sourceTree = "<group>";
		};
		E2B9A1FFE8E130098B647C06 /* Frameworks */ = {
			isa = PBXGroup;
			children = (
				6EF69A9E27F0AE31647C9ACB /* Pods_Instagram.framework */,
				41481F09EDC0097CB158C60F /* Pods_Instagram_InstagramUITests.framework */,
				E89D09D24248108BA0350F3F /* Pods_InstagramTests.framework */,
			);
			name = Frameworks;
			sourceTree = "<group>";
		};
/* End PBXGroup section */

/* Begin PBXNativeTarget section */
		7E0D729428F5205A00F9FDDA /* Instagram */ = {
			isa = PBXNativeTarget;
			buildConfigurationList = 7E0D72BF28F5205B00F9FDDA /* Build configuration list for PBXNativeTarget "Instagram" */;
			buildPhases = (
				48ADB6CD6FEAE289DAD90E1B /* [CP] Check Pods Manifest.lock */,
				7E0D729128F5205A00F9FDDA /* Sources */,
				7E0D729228F5205A00F9FDDA /* Frameworks */,
				7E0D729328F5205A00F9FDDA /* Resources */,
				9C40BABB85F26A93FB6D6F7D /* [CP] Embed Pods Frameworks */,
			);
			buildRules = (
			);
			dependencies = (
			);
			name = Instagram;
			productName = Instagram;
			productReference = 7E0D729528F5205A00F9FDDA /* Instagram.app */;
			productType = "com.apple.product-type.application";
		};
		7E0D72AA28F5205B00F9FDDA /* InstagramTests */ = {
			isa = PBXNativeTarget;
			buildConfigurationList = 7E0D72C228F5205B00F9FDDA /* Build configuration list for PBXNativeTarget "InstagramTests" */;
			buildPhases = (
				7DA8786B5D999D9042FCCB6C /* [CP] Check Pods Manifest.lock */,
				7E0D72A728F5205B00F9FDDA /* Sources */,
				7E0D72A828F5205B00F9FDDA /* Frameworks */,
				7E0D72A928F5205B00F9FDDA /* Resources */,
			);
			buildRules = (
			);
			dependencies = (
				7E0D72AD28F5205B00F9FDDA /* PBXTargetDependency */,
			);
			name = InstagramTests;
			productName = InstagramTests;
			productReference = 7E0D72AB28F5205B00F9FDDA /* InstagramTests.xctest */;
			productType = "com.apple.product-type.bundle.unit-test";
		};
		7E0D72B428F5205B00F9FDDA /* InstagramUITests */ = {
			isa = PBXNativeTarget;
			buildConfigurationList = 7E0D72C528F5205B00F9FDDA /* Build configuration list for PBXNativeTarget "InstagramUITests" */;
			buildPhases = (
				D17EF3112DC8C36AF03F5530 /* [CP] Check Pods Manifest.lock */,
				7E0D72B128F5205B00F9FDDA /* Sources */,
				7E0D72B228F5205B00F9FDDA /* Frameworks */,
				7E0D72B328F5205B00F9FDDA /* Resources */,
				EF26D4CFDD0BD8DC9A797E5B /* [CP] Embed Pods Frameworks */,
			);
			buildRules = (
			);
			dependencies = (
				7E0D72B728F5205B00F9FDDA /* PBXTargetDependency */,
			);
			name = InstagramUITests;
			productName = InstagramUITests;
			productReference = 7E0D72B528F5205B00F9FDDA /* InstagramUITests.xctest */;
			productType = "com.apple.product-type.bundle.ui-testing";
		};
/* End PBXNativeTarget section */

/* Begin PBXProject section */
		7E0D728D28F5205A00F9FDDA /* Project object */ = {
			isa = PBXProject;
			attributes = {
				BuildIndependentTargetsInParallel = 1;
				LastSwiftUpdateCheck = 1400;
				LastUpgradeCheck = 1400;
				TargetAttributes = {
					7E0D729428F5205A00F9FDDA = {
						CreatedOnToolsVersion = 14.0.1;
					};
					7E0D72AA28F5205B00F9FDDA = {
						CreatedOnToolsVersion = 14.0.1;
						TestTargetID = 7E0D729428F5205A00F9FDDA;
					};
					7E0D72B428F5205B00F9FDDA = {
						CreatedOnToolsVersion = 14.0.1;
						TestTargetID = 7E0D729428F5205A00F9FDDA;
					};
				};
			};
			buildConfigurationList = 7E0D729028F5205A00F9FDDA /* Build configuration list for PBXProject "Instagram" */;
			compatibilityVersion = "Xcode 14.0";
			developmentRegion = en;
			hasScannedForEncodings = 0;
			knownRegions = (
				en,
				Base,
			);
			mainGroup = 7E0D728C28F5205A00F9FDDA;
			productRefGroup = 7E0D729628F5205A00F9FDDA /* Products */;
			projectDirPath = "";
			projectRoot = "";
			targets = (
				7E0D729428F5205A00F9FDDA /* Instagram */,
				7E0D72AA28F5205B00F9FDDA /* InstagramTests */,
				7E0D72B428F5205B00F9FDDA /* InstagramUITests */,
			);
		};
/* End PBXProject section */

/* Begin PBXResourcesBuildPhase section */
		7E0D729328F5205A00F9FDDA /* Resources */ = {
			isa = PBXResourcesBuildPhase;
			buildActionMask = 2147483647;
			files = (
				7E0D72A528F5205B00F9FDDA /* LaunchScreen.storyboard in Resources */,
				7E0D72A228F5205B00F9FDDA /* Assets.xcassets in Resources */,
				7E0D72A028F5205A00F9FDDA /* Main.storyboard in Resources */,
			);
			runOnlyForDeploymentPostprocessing = 0;
		};
		7E0D72A928F5205B00F9FDDA /* Resources */ = {
			isa = PBXResourcesBuildPhase;
			buildActionMask = 2147483647;
			files = (
			);
			runOnlyForDeploymentPostprocessing = 0;
		};
		7E0D72B328F5205B00F9FDDA /* Resources */ = {
			isa = PBXResourcesBuildPhase;
			buildActionMask = 2147483647;
			files = (
			);
			runOnlyForDeploymentPostprocessing = 0;
		};
/* End PBXResourcesBuildPhase section */

/* Begin PBXShellScriptBuildPhase section */
		48ADB6CD6FEAE289DAD90E1B /* [CP] Check Pods Manifest.lock */ = {
			isa = PBXShellScriptBuildPhase;
			buildActionMask = 2147483647;
			files = (
			);
			inputFileListPaths = (
			);
			inputPaths = (
				"${PODS_PODFILE_DIR_PATH}/Podfile.lock",
				"${PODS_ROOT}/Manifest.lock",
			);
			name = "[CP] Check Pods Manifest.lock";
			outputFileListPaths = (
			);
			outputPaths = (
				"$(DERIVED_FILE_DIR)/Pods-Instagram-checkManifestLockResult.txt",
			);
			runOnlyForDeploymentPostprocessing = 0;
			shellPath = /bin/sh;
			shellScript = "diff \"${PODS_PODFILE_DIR_PATH}/Podfile.lock\" \"${PODS_ROOT}/Manifest.lock\" > /dev/null\nif [ $? != 0 ] ; then\n    # print error to STDERR\n    echo \"error: The sandbox is not in sync with the Podfile.lock. Run 'pod install' or update your CocoaPods installation.\" >&2\n    exit 1\nfi\n# This output is used by Xcode 'outputs' to avoid re-running this script phase.\necho \"SUCCESS\" > \"${SCRIPT_OUTPUT_FILE_0}\"\n";
			showEnvVarsInLog = 0;
		};
		7DA8786B5D999D9042FCCB6C /* [CP] Check Pods Manifest.lock */ = {
			isa = PBXShellScriptBuildPhase;
			buildActionMask = 2147483647;
			files = (
			);
			inputFileListPaths = (
			);
			inputPaths = (
				"${PODS_PODFILE_DIR_PATH}/Podfile.lock",
				"${PODS_ROOT}/Manifest.lock",
			);
			name = "[CP] Check Pods Manifest.lock";
			outputFileListPaths = (
			);
			outputPaths = (
				"$(DERIVED_FILE_DIR)/Pods-InstagramTests-checkManifestLockResult.txt",
			);
			runOnlyForDeploymentPostprocessing = 0;
			shellPath = /bin/sh;
			shellScript = "diff \"${PODS_PODFILE_DIR_PATH}/Podfile.lock\" \"${PODS_ROOT}/Manifest.lock\" > /dev/null\nif [ $? != 0 ] ; then\n    # print error to STDERR\n    echo \"error: The sandbox is not in sync with the Podfile.lock. Run 'pod install' or update your CocoaPods installation.\" >&2\n    exit 1\nfi\n# This output is used by Xcode 'outputs' to avoid re-running this script phase.\necho \"SUCCESS\" > \"${SCRIPT_OUTPUT_FILE_0}\"\n";
			showEnvVarsInLog = 0;
		};
		9C40BABB85F26A93FB6D6F7D /* [CP] Embed Pods Frameworks */ = {
			isa = PBXShellScriptBuildPhase;
			buildActionMask = 2147483647;
			files = (
			);
			inputFileListPaths = (
				"${PODS_ROOT}/Target Support Files/Pods-Instagram/Pods-Instagram-frameworks-${CONFIGURATION}-input-files.xcfilelist",
			);
			name = "[CP] Embed Pods Frameworks";
			outputFileListPaths = (
				"${PODS_ROOT}/Target Support Files/Pods-Instagram/Pods-Instagram-frameworks-${CONFIGURATION}-output-files.xcfilelist",
			);
			runOnlyForDeploymentPostprocessing = 0;
			shellPath = /bin/sh;
			shellScript = "\"${PODS_ROOT}/Target Support Files/Pods-Instagram/Pods-Instagram-frameworks.sh\"\n";
			showEnvVarsInLog = 0;
		};
		D17EF3112DC8C36AF03F5530 /* [CP] Check Pods Manifest.lock */ = {
			isa = PBXShellScriptBuildPhase;
			buildActionMask = 2147483647;
			files = (
			);
			inputFileListPaths = (
			);
			inputPaths = (
				"${PODS_PODFILE_DIR_PATH}/Podfile.lock",
				"${PODS_ROOT}/Manifest.lock",
			);
			name = "[CP] Check Pods Manifest.lock";
			outputFileListPaths = (
			);
			outputPaths = (
				"$(DERIVED_FILE_DIR)/Pods-Instagram-InstagramUITests-checkManifestLockResult.txt",
			);
			runOnlyForDeploymentPostprocessing = 0;
			shellPath = /bin/sh;
			shellScript = "diff \"${PODS_PODFILE_DIR_PATH}/Podfile.lock\" \"${PODS_ROOT}/Manifest.lock\" > /dev/null\nif [ $? != 0 ] ; then\n    # print error to STDERR\n    echo \"error: The sandbox is not in sync with the Podfile.lock. Run 'pod install' or update your CocoaPods installation.\" >&2\n    exit 1\nfi\n# This output is used by Xcode 'outputs' to avoid re-running this script phase.\necho \"SUCCESS\" > \"${SCRIPT_OUTPUT_FILE_0}\"\n";
			showEnvVarsInLog = 0;
		};
		EF26D4CFDD0BD8DC9A797E5B /* [CP] Embed Pods Frameworks */ = {
			isa = PBXShellScriptBuildPhase;
			buildActionMask = 2147483647;
			files = (
			);
			inputFileListPaths = (
				"${PODS_ROOT}/Target Support Files/Pods-Instagram-InstagramUITests/Pods-Instagram-InstagramUITests-frameworks-${CONFIGURATION}-input-files.xcfilelist",
			);
			name = "[CP] Embed Pods Frameworks";
			outputFileListPaths = (
				"${PODS_ROOT}/Target Support Files/Pods-Instagram-InstagramUITests/Pods-Instagram-InstagramUITests-frameworks-${CONFIGURATION}-output-files.xcfilelist",
			);
			runOnlyForDeploymentPostprocessing = 0;
			shellPath = /bin/sh;
			shellScript = "\"${PODS_ROOT}/Target Support Files/Pods-Instagram-InstagramUITests/Pods-Instagram-InstagramUITests-frameworks.sh\"\n";
			showEnvVarsInLog = 0;
		};
/* End PBXShellScriptBuildPhase section */

/* Begin PBXSourcesBuildPhase section */
		7E0D729128F5205A00F9FDDA /* Sources */ = {
			isa = PBXSourcesBuildPhase;
			buildActionMask = 2147483647;
			files = (
				7E0D72C928F5254500F9FDDA /* LoginViewController.swift in Sources */,
				7E0D72CD28F5340100F9FDDA /* CameraViewController.swift in Sources */,
				7E0D729928F5205A00F9FDDA /* AppDelegate.swift in Sources */,
				7E0D72CB28F5255300F9FDDA /* FeedViewController.swift in Sources */,
				7E0D729B28F5205A00F9FDDA /* SceneDelegate.swift in Sources */,
				7E0D72CF28F5462C00F9FDDA /* PostCell.swift in Sources */,
			);
			runOnlyForDeploymentPostprocessing = 0;
		};
		7E0D72A728F5205B00F9FDDA /* Sources */ = {
			isa = PBXSourcesBuildPhase;
			buildActionMask = 2147483647;
			files = (
				7E0D72B028F5205B00F9FDDA /* InstagramTests.swift in Sources */,
			);
			runOnlyForDeploymentPostprocessing = 0;
		};
		7E0D72B128F5205B00F9FDDA /* Sources */ = {
			isa = PBXSourcesBuildPhase;
			buildActionMask = 2147483647;
			files = (
				7E0D72BA28F5205B00F9FDDA /* InstagramUITests.swift in Sources */,
				7E0D72BC28F5205B00F9FDDA /* InstagramUITestsLaunchTests.swift in Sources */,
			);
			runOnlyForDeploymentPostprocessing = 0;
		};
/* End PBXSourcesBuildPhase section */

/* Begin PBXTargetDependency section */
		7E0D72AD28F5205B00F9FDDA /* PBXTargetDependency */ = {
			isa = PBXTargetDependency;
			target = 7E0D729428F5205A00F9FDDA /* Instagram */;
			targetProxy = 7E0D72AC28F5205B00F9FDDA /* PBXContainerItemProxy */;
		};
		7E0D72B728F5205B00F9FDDA /* PBXTargetDependency */ = {
			isa = PBXTargetDependency;
			target = 7E0D729428F5205A00F9FDDA /* Instagram */;
			targetProxy = 7E0D72B628F5205B00F9FDDA /* PBXContainerItemProxy */;
		};
/* End PBXTargetDependency section */

/* Begin PBXVariantGroup section */
		7E0D729E28F5205A00F9FDDA /* Main.storyboard */ = {
			isa = PBXVariantGroup;
			children = (
				7E0D729F28F5205A00F9FDDA /* Base */,
			);
			name = Main.storyboard;
			sourceTree = "<group>";
		};
		7E0D72A328F5205B00F9FDDA /* LaunchScreen.storyboard */ = {
			isa = PBXVariantGroup;
			children = (
				7E0D72A428F5205B00F9FDDA /* Base */,
			);
			name = LaunchScreen.storyboard;
			sourceTree = "<group>";
		};
/* End PBXVariantGroup section */

/* Begin XCBuildConfiguration section */
		7E0D72BD28F5205B00F9FDDA /* Debug */ = {
			isa = XCBuildConfiguration;
			buildSettings = {
				ALWAYS_SEARCH_USER_PATHS = NO;
				CLANG_ANALYZER_NONNULL = YES;
				CLANG_ANALYZER_NUMBER_OBJECT_CONVERSION = YES_AGGRESSIVE;
				CLANG_CXX_LANGUAGE_STANDARD = "gnu++20";
				CLANG_ENABLE_MODULES = YES;
				CLANG_ENABLE_OBJC_ARC = YES;
				CLANG_ENABLE_OBJC_WEAK = YES;
				CLANG_WARN_BLOCK_CAPTURE_AUTORELEASING = YES;
				CLANG_WARN_BOOL_CONVERSION = YES;
				CLANG_WARN_COMMA = YES;
				CLANG_WARN_CONSTANT_CONVERSION = YES;
				CLANG_WARN_DEPRECATED_OBJC_IMPLEMENTATIONS = YES;
				CLANG_WARN_DIRECT_OBJC_ISA_USAGE = YES_ERROR;
				CLANG_WARN_DOCUMENTATION_COMMENTS = YES;
				CLANG_WARN_EMPTY_BODY = YES;
				CLANG_WARN_ENUM_CONVERSION = YES;
				CLANG_WARN_INFINITE_RECURSION = YES;
				CLANG_WARN_INT_CONVERSION = YES;
				CLANG_WARN_NON_LITERAL_NULL_CONVERSION = YES;
				CLANG_WARN_OBJC_IMPLICIT_RETAIN_SELF = YES;
				CLANG_WARN_OBJC_LITERAL_CONVERSION = YES;
				CLANG_WARN_OBJC_ROOT_CLASS = YES_ERROR;
				CLANG_WARN_QUOTED_INCLUDE_IN_FRAMEWORK_HEADER = YES;
				CLANG_WARN_RANGE_LOOP_ANALYSIS = YES;
				CLANG_WARN_STRICT_PROTOTYPES = YES;
				CLANG_WARN_SUSPICIOUS_MOVE = YES;
				CLANG_WARN_UNGUARDED_AVAILABILITY = YES_AGGRESSIVE;
				CLANG_WARN_UNREACHABLE_CODE = YES;
				CLANG_WARN__DUPLICATE_METHOD_MATCH = YES;
				COPY_PHASE_STRIP = NO;
				DEBUG_INFORMATION_FORMAT = dwarf;
				ENABLE_STRICT_OBJC_MSGSEND = YES;
				ENABLE_TESTABILITY = YES;
				GCC_C_LANGUAGE_STANDARD = gnu11;
				GCC_DYNAMIC_NO_PIC = NO;
				GCC_NO_COMMON_BLOCKS = YES;
				GCC_OPTIMIZATION_LEVEL = 0;
				GCC_PREPROCESSOR_DEFINITIONS = (
					"DEBUG=1",
					"$(inherited)",
				);
				GCC_WARN_64_TO_32_BIT_CONVERSION = YES;
				GCC_WARN_ABOUT_RETURN_TYPE = YES_ERROR;
				GCC_WARN_UNDECLARED_SELECTOR = YES;
				GCC_WARN_UNINITIALIZED_AUTOS = YES_AGGRESSIVE;
				GCC_WARN_UNUSED_FUNCTION = YES;
				GCC_WARN_UNUSED_VARIABLE = YES;
				IPHONEOS_DEPLOYMENT_TARGET = 16.0;
				MTL_ENABLE_DEBUG_INFO = INCLUDE_SOURCE;
				MTL_FAST_MATH = YES;
				ONLY_ACTIVE_ARCH = YES;
				SDKROOT = iphoneos;
				SWIFT_ACTIVE_COMPILATION_CONDITIONS = DEBUG;
				SWIFT_OPTIMIZATION_LEVEL = "-Onone";
			};
			name = Debug;
		};
		7E0D72BE28F5205B00F9FDDA /* Release */ = {
			isa = XCBuildConfiguration;
			buildSettings = {
				ALWAYS_SEARCH_USER_PATHS = NO;
				CLANG_ANALYZER_NONNULL = YES;
				CLANG_ANALYZER_NUMBER_OBJECT_CONVERSION = YES_AGGRESSIVE;
				CLANG_CXX_LANGUAGE_STANDARD = "gnu++20";
				CLANG_ENABLE_MODULES = YES;
				CLANG_ENABLE_OBJC_ARC = YES;
				CLANG_ENABLE_OBJC_WEAK = YES;
				CLANG_WARN_BLOCK_CAPTURE_AUTORELEASING = YES;
				CLANG_WARN_BOOL_CONVERSION = YES;
				CLANG_WARN_COMMA = YES;
				CLANG_WARN_CONSTANT_CONVERSION = YES;
				CLANG_WARN_DEPRECATED_OBJC_IMPLEMENTATIONS = YES;
				CLANG_WARN_DIRECT_OBJC_ISA_USAGE = YES_ERROR;
				CLANG_WARN_DOCUMENTATION_COMMENTS = YES;
				CLANG_WARN_EMPTY_BODY = YES;
				CLANG_WARN_ENUM_CONVERSION = YES;
				CLANG_WARN_INFINITE_RECURSION = YES;
				CLANG_WARN_INT_CONVERSION = YES;
				CLANG_WARN_NON_LITERAL_NULL_CONVERSION = YES;
				CLANG_WARN_OBJC_IMPLICIT_RETAIN_SELF = YES;
				CLANG_WARN_OBJC_LITERAL_CONVERSION = YES;
				CLANG_WARN_OBJC_ROOT_CLASS = YES_ERROR;
				CLANG_WARN_QUOTED_INCLUDE_IN_FRAMEWORK_HEADER = YES;
				CLANG_WARN_RANGE_LOOP_ANALYSIS = YES;
				CLANG_WARN_STRICT_PROTOTYPES = YES;
				CLANG_WARN_SUSPICIOUS_MOVE = YES;
				CLANG_WARN_UNGUARDED_AVAILABILITY = YES_AGGRESSIVE;
				CLANG_WARN_UNREACHABLE_CODE = YES;
				CLANG_WARN__DUPLICATE_METHOD_MATCH = YES;
				COPY_PHASE_STRIP = NO;
				DEBUG_INFORMATION_FORMAT = "dwarf-with-dsym";
				ENABLE_NS_ASSERTIONS = NO;
				ENABLE_STRICT_OBJC_MSGSEND = YES;
				GCC_C_LANGUAGE_STANDARD = gnu11;
				GCC_NO_COMMON_BLOCKS = YES;
				GCC_WARN_64_TO_32_BIT_CONVERSION = YES;
				GCC_WARN_ABOUT_RETURN_TYPE = YES_ERROR;
				GCC_WARN_UNDECLARED_SELECTOR = YES;
				GCC_WARN_UNINITIALIZED_AUTOS = YES_AGGRESSIVE;
				GCC_WARN_UNUSED_FUNCTION = YES;
				GCC_WARN_UNUSED_VARIABLE = YES;
				IPHONEOS_DEPLOYMENT_TARGET = 16.0;
				MTL_ENABLE_DEBUG_INFO = NO;
				MTL_FAST_MATH = YES;
				SDKROOT = iphoneos;
				SWIFT_COMPILATION_MODE = wholemodule;
				SWIFT_OPTIMIZATION_LEVEL = "-O";
				VALIDATE_PRODUCT = YES;
			};
			name = Release;
		};
		7E0D72C028F5205B00F9FDDA /* Debug */ = {
			isa = XCBuildConfiguration;
			baseConfigurationReference = 2B09C75450EE4BB222D8EC29 /* Pods-Instagram.debug.xcconfig */;
			buildSettings = {
				ASSETCATALOG_COMPILER_APPICON_NAME = AppIcon;
				ASSETCATALOG_COMPILER_GLOBAL_ACCENT_COLOR_NAME = AccentColor;
				CODE_SIGN_STYLE = Automatic;
				CURRENT_PROJECT_VERSION = 1;
				GENERATE_INFOPLIST_FILE = YES;
				INFOPLIST_FILE = Instagram/Info.plist;
				INFOPLIST_KEY_UIApplicationSupportsIndirectInputEvents = YES;
				INFOPLIST_KEY_UILaunchStoryboardName = LaunchScreen;
				INFOPLIST_KEY_UIMainStoryboardFile = Main;
				INFOPLIST_KEY_UISupportedInterfaceOrientations_iPad = "UIInterfaceOrientationPortrait UIInterfaceOrientationPortraitUpsideDown UIInterfaceOrientationLandscapeLeft UIInterfaceOrientationLandscapeRight";
				INFOPLIST_KEY_UISupportedInterfaceOrientations_iPhone = "UIInterfaceOrientationPortrait UIInterfaceOrientationLandscapeLeft UIInterfaceOrientationLandscapeRight";
				LD_RUNPATH_SEARCH_PATHS = (
					"$(inherited)",
					"@executable_path/Frameworks",
				);
				MARKETING_VERSION = 1.0;
				PRODUCT_BUNDLE_IDENTIFIER = netzer.Instagram;
				PRODUCT_NAME = "$(TARGET_NAME)";
				SWIFT_EMIT_LOC_STRINGS = YES;
				SWIFT_VERSION = 5.0;
				TARGETED_DEVICE_FAMILY = "1,2";
			};
			name = Debug;
		};
		7E0D72C128F5205B00F9FDDA /* Release */ = {
			isa = XCBuildConfiguration;
			baseConfigurationReference = 6B7E05A535B9AC040734F890 /* Pods-Instagram.release.xcconfig */;
			buildSettings = {
				ASSETCATALOG_COMPILER_APPICON_NAME = AppIcon;
				ASSETCATALOG_COMPILER_GLOBAL_ACCENT_COLOR_NAME = AccentColor;
				CODE_SIGN_STYLE = Automatic;
				CURRENT_PROJECT_VERSION = 1;
				GENERATE_INFOPLIST_FILE = YES;
				INFOPLIST_FILE = Instagram/Info.plist;
				INFOPLIST_KEY_UIApplicationSupportsIndirectInputEvents = YES;
				INFOPLIST_KEY_UILaunchStoryboardName = LaunchScreen;
				INFOPLIST_KEY_UIMainStoryboardFile = Main;
				INFOPLIST_KEY_UISupportedInterfaceOrientations_iPad = "UIInterfaceOrientationPortrait UIInterfaceOrientationPortraitUpsideDown UIInterfaceOrientationLandscapeLeft UIInterfaceOrientationLandscapeRight";
				INFOPLIST_KEY_UISupportedInterfaceOrientations_iPhone = "UIInterfaceOrientationPortrait UIInterfaceOrientationLandscapeLeft UIInterfaceOrientationLandscapeRight";
				LD_RUNPATH_SEARCH_PATHS = (
					"$(inherited)",
					"@executable_path/Frameworks",
				);
				MARKETING_VERSION = 1.0;
				PRODUCT_BUNDLE_IDENTIFIER = netzer.Instagram;
				PRODUCT_NAME = "$(TARGET_NAME)";
				SWIFT_EMIT_LOC_STRINGS = YES;
				SWIFT_VERSION = 5.0;
				TARGETED_DEVICE_FAMILY = "1,2";
			};
			name = Release;
		};
		7E0D72C328F5205B00F9FDDA /* Debug */ = {
			isa = XCBuildConfiguration;
			baseConfigurationReference = B669B10B6417154113795414 /* Pods-InstagramTests.debug.xcconfig */;
			buildSettings = {
				ALWAYS_EMBED_SWIFT_STANDARD_LIBRARIES = YES;
				BUNDLE_LOADER = "$(TEST_HOST)";
				CODE_SIGN_STYLE = Automatic;
				CURRENT_PROJECT_VERSION = 1;
				GENERATE_INFOPLIST_FILE = YES;
				IPHONEOS_DEPLOYMENT_TARGET = 16.0;
				MARKETING_VERSION = 1.0;
				PRODUCT_BUNDLE_IDENTIFIER = netzer.InstagramTests;
				PRODUCT_NAME = "$(TARGET_NAME)";
				SWIFT_EMIT_LOC_STRINGS = NO;
				SWIFT_VERSION = 5.0;
				TARGETED_DEVICE_FAMILY = "1,2";
				TEST_HOST = "$(BUILT_PRODUCTS_DIR)/Instagram.app/$(BUNDLE_EXECUTABLE_FOLDER_PATH)/Instagram";
			};
			name = Debug;
		};
		7E0D72C428F5205B00F9FDDA /* Release */ = {
			isa = XCBuildConfiguration;
			baseConfigurationReference = 3938B749CB7174A1CA3B9900 /* Pods-InstagramTests.release.xcconfig */;
			buildSettings = {
				ALWAYS_EMBED_SWIFT_STANDARD_LIBRARIES = YES;
				BUNDLE_LOADER = "$(TEST_HOST)";
				CODE_SIGN_STYLE = Automatic;
				CURRENT_PROJECT_VERSION = 1;
				GENERATE_INFOPLIST_FILE = YES;
				IPHONEOS_DEPLOYMENT_TARGET = 16.0;
				MARKETING_VERSION = 1.0;
				PRODUCT_BUNDLE_IDENTIFIER = netzer.InstagramTests;
				PRODUCT_NAME = "$(TARGET_NAME)";
				SWIFT_EMIT_LOC_STRINGS = NO;
				SWIFT_VERSION = 5.0;
				TARGETED_DEVICE_FAMILY = "1,2";
				TEST_HOST = "$(BUILT_PRODUCTS_DIR)/Instagram.app/$(BUNDLE_EXECUTABLE_FOLDER_PATH)/Instagram";
			};
			name = Release;
		};
		7E0D72C628F5205B00F9FDDA /* Debug */ = {
			isa = XCBuildConfiguration;
			baseConfigurationReference = 322C6889C2B7448ECACBBFB4 /* Pods-Instagram-InstagramUITests.debug.xcconfig */;
			buildSettings = {
				ALWAYS_EMBED_SWIFT_STANDARD_LIBRARIES = YES;
				CODE_SIGN_STYLE = Automatic;
				CURRENT_PROJECT_VERSION = 1;
				GENERATE_INFOPLIST_FILE = YES;
				MARKETING_VERSION = 1.0;
				PRODUCT_BUNDLE_IDENTIFIER = netzer.InstagramUITests;
				PRODUCT_NAME = "$(TARGET_NAME)";
				SWIFT_EMIT_LOC_STRINGS = NO;
				SWIFT_VERSION = 5.0;
				TARGETED_DEVICE_FAMILY = "1,2";
				TEST_TARGET_NAME = Instagram;
			};
			name = Debug;
		};
		7E0D72C728F5205B00F9FDDA /* Release */ = {
			isa = XCBuildConfiguration;
			baseConfigurationReference = 51DD099EFD50F53407863966 /* Pods-Instagram-InstagramUITests.release.xcconfig */;
			buildSettings = {
				ALWAYS_EMBED_SWIFT_STANDARD_LIBRARIES = YES;
				CODE_SIGN_STYLE = Automatic;
				CURRENT_PROJECT_VERSION = 1;
				GENERATE_INFOPLIST_FILE = YES;
				MARKETING_VERSION = 1.0;
				PRODUCT_BUNDLE_IDENTIFIER = netzer.InstagramUITests;
				PRODUCT_NAME = "$(TARGET_NAME)";
				SWIFT_EMIT_LOC_STRINGS = NO;
				SWIFT_VERSION = 5.0;
				TARGETED_DEVICE_FAMILY = "1,2";
				TEST_TARGET_NAME = Instagram;
			};
			name = Release;
		};
/* End XCBuildConfiguration section */

/* Begin XCConfigurationList section */
		7E0D729028F5205A00F9FDDA /* Build configuration list for PBXProject "Instagram" */ = {
			isa = XCConfigurationList;
			buildConfigurations = (
				7E0D72BD28F5205B00F9FDDA /* Debug */,
				7E0D72BE28F5205B00F9FDDA /* Release */,
			);
			defaultConfigurationIsVisible = 0;
			defaultConfigurationName = Release;
		};
		7E0D72BF28F5205B00F9FDDA /* Build configuration list for PBXNativeTarget "Instagram" */ = {
			isa = XCConfigurationList;
			buildConfigurations = (
				7E0D72C028F5205B00F9FDDA /* Debug */,
				7E0D72C128F5205B00F9FDDA /* Release */,
			);
			defaultConfigurationIsVisible = 0;
			defaultConfigurationName = Release;
		};
		7E0D72C228F5205B00F9FDDA /* Build configuration list for PBXNativeTarget "InstagramTests" */ = {
			isa = XCConfigurationList;
			buildConfigurations = (
				7E0D72C328F5205B00F9FDDA /* Debug */,
				7E0D72C428F5205B00F9FDDA /* Release */,
			);
			defaultConfigurationIsVisible = 0;
			defaultConfigurationName = Release;
		};
		7E0D72C528F5205B00F9FDDA /* Build configuration list for PBXNativeTarget "InstagramUITests" */ = {
			isa = XCConfigurationList;
			buildConfigurations = (
				7E0D72C628F5205B00F9FDDA /* Debug */,
				7E0D72C728F5205B00F9FDDA /* Release */,
			);
			defaultConfigurationIsVisible = 0;
			defaultConfigurationName = Release;
		};
/* End XCConfigurationList section */
	};
	rootObject = 7E0D728D28F5205A00F9FDDA /* Project object */;
}
